
Microsoft Visual Studio Solution File, Format Version 12.00
# Visual Studio 15
VisualStudioVersion = 15.0.27703.2047
MinimumVisualStudioVersion = 10.0.40219.1
Project("{FAE04EC0-301F-11D3-BF4B-00C04F79EFBC}") = "CGH", "CGH\CGH.csproj", "{5871A175-5089-4902-8887-B95F2C195863}"
EndProject
Global
	GlobalSection(SolutionConfigurationPlatforms) = preSolution
		Debug|Any CPU = Debug|Any CPU
		Release|Any CPU = Release|Any CPU
	EndGlobalSection
	GlobalSection(ProjectConfigurationPlatforms) = postSolution
		{5871A175-5089-4902-8887-B95F2C195863}.Debug|Any CPU.ActiveCfg = Debug|Any CPU
		{5871A175-5089-4902-8887-B95F2C195863}.Debug|Any CPU.Build.0 = Debug|Any CPU
		{5871A175-5089-4902-8887-B95F2C195863}.Release|Any CPU.ActiveCfg = Release|Any CPU
		{5871A175-5089-4902-8887-B95F2C195863}.Release|Any CPU.Build.0 = Release|Any CPU
	EndGlobalSection
	GlobalSection(SolutionProperties) = preSolution
		HideSolutionNode = FALSE
	EndGlobalSection
	GlobalSection(ExtensibilityGlobals) = postSolution
		SolutionGuid = {BE89ABA9-2063-44ED-834E-1F83BB82CC8B}
	EndGlobalSection
EndGlobal
